
Microsoft Visual Studio Solution File, Format Version 12.00
# Visual Studio Version 16
VisualStudioVersion = 16.0.32413.511
MinimumVisualStudioVersion = 10.0.40219.1
Project("{FAE04EC0-301F-11D3-BF4B-00C04F79EFBC}") = "jokempo", "jokempo\jokempo.csproj", "{4A7F41E6-9175-4CBD-9171-C361D220EF69}"
EndProject
Global
	GlobalSection(SolutionConfigurationPlatforms) = preSolution
		Debug|Any CPU = Debug|Any CPU
		Release|Any CPU = Release|Any CPU
	EndGlobalSection
	GlobalSection(ProjectConfigurationPlatforms) = postSolution
		{4A7F41E6-9175-4CBD-9171-C361D220EF69}.Debug|Any CPU.ActiveCfg = Debug|Any CPU
		{4A7F41E6-9175-4CBD-9171-C361D220EF69}.Debug|Any CPU.Build.0 = Debug|Any CPU
		{4A7F41E6-9175-4CBD-9171-C361D220EF69}.Release|Any CPU.ActiveCfg = Release|Any CPU
		{4A7F41E6-9175-4CBD-9171-C361D220EF69}.Release|Any CPU.Build.0 = Release|Any CPU
	EndGlobalSection
	GlobalSection(SolutionProperties) = preSolution
		HideSolutionNode = FALSE
	EndGlobalSection
	GlobalSection(ExtensibilityGlobals) = postSolution
		SolutionGuid = {811DC9A5-5041-4250-AB39-B00C6C959F5C}
	EndGlobalSection
EndGlobal
